
Microsoft Visual Studio Solution File, Format Version 12.00
# Visual Studio Version 17
VisualStudioVersion = 17.14.36221.1 d17.14
MinimumVisualStudioVersion = 10.0.40219.1
Project("{FAE04EC0-301F-11D3-BF4B-00C04F79EFBC}") = "PolicyBillingIntegrationAPIs", "PolicyBillingIntegrationAPIs\PolicyBillingIntegrationAPIs.csproj", "{4533A986-E3F1-4D29-9E14-7FBA1EE375D3}"
EndProject
Global
	GlobalSection(SolutionConfigurationPlatforms) = preSolution
		Debug|Any CPU = Debug|Any CPU
		Release|Any CPU = Release|Any CPU
	EndGlobalSection
	GlobalSection(ProjectConfigurationPlatforms) = postSolution
		{4533A986-E3F1-4D29-9E14-7FBA1EE375D3}.Debug|Any CPU.ActiveCfg = Debug|Any CPU
		{4533A986-E3F1-4D29-9E14-7FBA1EE375D3}.Debug|Any CPU.Build.0 = Debug|Any CPU
		{4533A986-E3F1-4D29-9E14-7FBA1EE375D3}.Release|Any CPU.ActiveCfg = Release|Any CPU
		{4533A986-E3F1-4D29-9E14-7FBA1EE375D3}.Release|Any CPU.Build.0 = Release|Any CPU
	EndGlobalSection
	GlobalSection(SolutionProperties) = preSolution
		HideSolutionNode = FALSE
	EndGlobalSection
	GlobalSection(ExtensibilityGlobals) = postSolution
		SolutionGuid = {B02EBEF3-B846-4638-A325-1484CA5C10D5}
	EndGlobalSection
EndGlobal
